
Microsoft Visual Studio Solution File, Format Version 12.00
# Visual Studio Version 17
VisualStudioVersion = 17.9.34728.123
MinimumVisualStudioVersion = 10.0.40219.1
Project("{FAE04EC0-301F-11D3-BF4B-00C04F79EFBC}") = "CianTest", "CianTest\CianTest.csproj", "{72BBA633-E509-4221-AD56-10E19B1C307A}"
EndProject
Global
	GlobalSection(SolutionConfigurationPlatforms) = preSolution
		Debug|Any CPU = Debug|Any CPU
		Release|Any CPU = Release|Any CPU
	EndGlobalSection
	GlobalSection(ProjectConfigurationPlatforms) = postSolution
		{72BBA633-E509-4221-AD56-10E19B1C307A}.Debug|Any CPU.ActiveCfg = Debug|Any CPU
		{72BBA633-E509-4221-AD56-10E19B1C307A}.Debug|Any CPU.Build.0 = Debug|Any CPU
		{72BBA633-E509-4221-AD56-10E19B1C307A}.Release|Any CPU.ActiveCfg = Release|Any CPU
		{72BBA633-E509-4221-AD56-10E19B1C307A}.Release|Any CPU.Build.0 = Release|Any CPU
	EndGlobalSection
	GlobalSection(SolutionProperties) = preSolution
		HideSolutionNode = FALSE
	EndGlobalSection
	GlobalSection(ExtensibilityGlobals) = postSolution
		SolutionGuid = {9371FBF0-D058-40BA-8E89-B5C78FD5AAF6}
	EndGlobalSection
EndGlobal
